// !$*UTF8*$!
{
	archiveVersion = 1;
	classes = {
	};
	objectVersion = 77;
	objects = {

/* Begin PBXBuildFile section */
		A1000220 /* NOWAgentIntegration in Frameworks */ = {isa = PBXBuildFile; productRef = A1000210 /* NOWAgentIntegration */; };
		A1000222 /* MirrorKit in Frameworks */ = {isa = PBXBuildFile; productRef = A1000212 /* MirrorKit */; };
		A1000224 /* MirrorKitUI in Frameworks */ = {isa = PBXBuildFile; productRef = A1000214 /* MirrorKitUI */; };
/* End PBXBuildFile section */

/* Begin PBXFileReference section */
		A1000010 /* New Old World.app */ = {isa = PBXFileReference; explicitFileType = wrapper.application; includeInIndex = 0; path = "New Old World.app"; sourceTree = BUILT_PRODUCTS_DIR; };
/* End PBXFileReference section */

/* Begin PBXFileSystemSynchronizedRootGroup section */
		A1000020 /* Sources/Host */ = {
			isa = PBXFileSystemSynchronizedRootGroup;
			path = Sources/Host;
			sourceTree = "<group>";
		};
/* End PBXFileSystemSynchronizedRootGroup section */

/* Begin PBXFrameworksBuildPhase section */
		A1000030 /* Frameworks */ = {
			isa = PBXFrameworksBuildPhase;
			buildActionMask = 2147483647;
			files = (
				A1000220 /* NOWAgentIntegration in Frameworks */,
				A1000222 /* MirrorKit in Frameworks */,
				A1000224 /* MirrorKitUI in Frameworks */,
			);
			runOnlyForDeploymentPostprocessing = 0;
		};
/* End PBXFrameworksBuildPhase section */

/* Begin PBXGroup section */
		A1000040 = {
			isa = PBXGroup;
			children = (
				A1000020 /* Sources/Host */,
				A1000050 /* Products */,
			);
			sourceTree = "<group>";
		};
		A1000050 /* Products */ = {
			isa = PBXGroup;
			children = (
				A1000010 /* New Old World.app */,
			);
			name = Products;
			sourceTree = "<group>";
		};
/* End PBXGroup section */

/* Begin PBXNativeTarget section */
		A1000060 /* New Old World */ = {
			isa = PBXNativeTarget;
			buildConfigurationList = A1000100 /* Build configuration list for PBXNativeTarget "New Old World" */;
			buildPhases = (
				A1000070 /* Sources */,
				A1000030 /* Frameworks */,
				A1000080 /* Resources */,
			);
			buildRules = (
			);
			dependencies = (
			);
			fileSystemSynchronizedGroups = (
				A1000020 /* Sources/Host */,
			);
			name = "New Old World";
			packageProductDependencies = (
				A1000210 /* NOWAgentIntegration */,
				A1000212 /* MirrorKit */,
				A1000214 /* MirrorKitUI */,
			);
			productName = "New Old World";
			productReference = A1000010 /* New Old World.app */;
			productType = "com.apple.product-type.application";
		};
/* End PBXNativeTarget section */

/* Begin PBXProject section */
		A1000090 /* Project object */ = {
			isa = PBXProject;
			attributes = {
				BuildIndependentTargetsInParallel = 1;
				LastUpgradeCheck = 1600;
			};
			buildConfigurationList = A1000110 /* Build configuration list for PBXProject "NewOldWorld" */;
			developmentRegion = en;
			hasScannedForEncodings = 0;
			knownRegions = (
				en,
				Base,
			);
			mainGroup = A1000040;
			minimizedProjectReferenceProxies = 1;
			packageReferences = (
				A1000200 /* XCLocalSwiftPackageReference "NewOldWorld" */,
				A1000202 /* XCLocalSwiftPackageReference "MirrorKit" */,
			);
			preferredProjectObjectVersion = 77;
			productRefGroup = A1000050 /* Products */;
			projectDirPath = "";
			projectRoot = "";
			targets = (
				A1000060 /* New Old World */,
			);
		};
/* End PBXProject section */

/* Begin PBXResourcesBuildPhase section */
		A1000080 /* Resources */ = {
			isa = PBXResourcesBuildPhase;
			buildActionMask = 2147483647;
			files = (
			);
			runOnlyForDeploymentPostprocessing = 0;
		};
/* End PBXResourcesBuildPhase section */

/* Begin PBXSourcesBuildPhase section */
		A1000070 /* Sources */ = {
			isa = PBXSourcesBuildPhase;
			buildActionMask = 2147483647;
			files = (
			);
			runOnlyForDeploymentPostprocessing = 0;
		};
/* End PBXSourcesBuildPhase section */

/* Begin XCBuildConfiguration section */
		A1000120 /* Debug */ = {
			isa = XCBuildConfiguration;
			buildSettings = {
				ALWAYS_SEARCH_USER_PATHS = NO;
				CLANG_ENABLE_MODULES = YES;
				CLANG_ENABLE_OBJC_ARC = YES;
				COPY_PHASE_STRIP = NO;
				DEBUG_INFORMATION_FORMAT = dwarf;
				ENABLE_STRICT_OBJC_MSGSEND = YES;
				ENABLE_TESTABILITY = YES;
				GCC_DYNAMIC_NO_PIC = NO;
				GCC_OPTIMIZATION_LEVEL = 0;
				GCC_PREPROCESSOR_DEFINITIONS = (
					"DEBUG=1",
					"$(inherited)",
				);
				MACOSX_DEPLOYMENT_TARGET = 13.0;
				ONLY_ACTIVE_ARCH = YES;
				SDKROOT = macosx;
				SWIFT_ACTIVE_COMPILATION_CONDITIONS = "DEBUG $(inherited)";
				SWIFT_OPTIMIZATION_LEVEL = "-Onone";
			};
			name = Debug;
		};
		A1000130 /* Release */ = {
			isa = XCBuildConfiguration;
			buildSettings = {
				ALWAYS_SEARCH_USER_PATHS = NO;
				CLANG_ENABLE_MODULES = YES;
				CLANG_ENABLE_OBJC_ARC = YES;
				COPY_PHASE_STRIP = NO;
				DEBUG_INFORMATION_FORMAT = "dwarf-with-dsym";
				ENABLE_STRICT_OBJC_MSGSEND = YES;
				MACOSX_DEPLOYMENT_TARGET = 13.0;
				SDKROOT = macosx;
				SWIFT_COMPILATION_MODE = wholemodule;
				SWIFT_OPTIMIZATION_LEVEL = "-O";
			};
			name = Release;
		};
		A1000140 /* Debug */ = {
			isa = XCBuildConfiguration;
			buildSettings = {
				ASSETCATALOG_COMPILER_APPICON_NAME = AppIcon;
				CODE_SIGN_STYLE = Automatic;
				COMBINE_HIDPI_IMAGES = YES;
				CURRENT_PROJECT_VERSION = 1;
				DEVELOPMENT_TEAM = B93A9CG7F9;
				ENABLE_HARDENED_RUNTIME = YES;
				CODE_SIGN_ENTITLEMENTS = NewOldWorld.entitlements;
				GENERATE_INFOPLIST_FILE = YES;
				INFOPLIST_KEY_NSHumanReadableCopyright = "";
				INFOPLIST_KEY_NSContactsUsageDescription = "NOW shares contact cards with the classic Mac it is driving, when you turn Contacts on in the iCloud page.";
				INFOPLIST_KEY_NSPhotoLibraryUsageDescription = "NOW shares your photo library with the classic Mac it is driving, when you turn Photos on in the iCloud page.";
				INFOPLIST_KEY_NSPrincipalClass = NSApplication;
				LD_RUNPATH_SEARCH_PATHS = (
					"$(inherited)",
					"@executable_path/../Frameworks",
				);
				MARKETING_VERSION = 0.1.0;
				PRODUCT_BUNDLE_IDENTIFIER = dev.newoldworld.now;
				PRODUCT_NAME = "$(TARGET_NAME)";
				SWIFT_VERSION = 5.0;
			};
			name = Debug;
		};
		A1000150 /* Release */ = {
			isa = XCBuildConfiguration;
			buildSettings = {
				ASSETCATALOG_COMPILER_APPICON_NAME = AppIcon;
				CODE_SIGN_STYLE = Automatic;
				COMBINE_HIDPI_IMAGES = YES;
				CURRENT_PROJECT_VERSION = 1;
				DEVELOPMENT_TEAM = B93A9CG7F9;
				ENABLE_HARDENED_RUNTIME = YES;
				CODE_SIGN_ENTITLEMENTS = NewOldWorld.entitlements;
				GENERATE_INFOPLIST_FILE = YES;
				INFOPLIST_KEY_NSHumanReadableCopyright = "";
				INFOPLIST_KEY_NSContactsUsageDescription = "NOW shares contact cards with the classic Mac it is driving, when you turn Contacts on in the iCloud page.";
				INFOPLIST_KEY_NSPhotoLibraryUsageDescription = "NOW shares your photo library with the classic Mac it is driving, when you turn Photos on in the iCloud page.";
				INFOPLIST_KEY_NSPrincipalClass = NSApplication;
				LD_RUNPATH_SEARCH_PATHS = (
					"$(inherited)",
					"@executable_path/../Frameworks",
				);
				MARKETING_VERSION = 0.1.0;
				PRODUCT_BUNDLE_IDENTIFIER = dev.newoldworld.now;
				PRODUCT_NAME = "$(TARGET_NAME)";
				SWIFT_VERSION = 5.0;
			};
			name = Release;
		};
/* End XCBuildConfiguration section */

/* Begin XCConfigurationList section */
		A1000100 /* Build configuration list for PBXNativeTarget "New Old World" */ = {
			isa = XCConfigurationList;
			buildConfigurations = (
				A1000140 /* Debug */,
				A1000150 /* Release */,
			);
			defaultConfigurationIsVisible = 0;
			defaultConfigurationName = Release;
		};
		A1000110 /* Build configuration list for PBXProject "NewOldWorld" */ = {
			isa = XCConfigurationList;
			buildConfigurations = (
				A1000120 /* Debug */,
				A1000130 /* Release */,
			);
			defaultConfigurationIsVisible = 0;
			defaultConfigurationName = Release;
		};
/* End XCConfigurationList section */

/* Begin XCLocalSwiftPackageReference section */
		A1000200 /* XCLocalSwiftPackageReference "NewOldWorld" */ = {
			isa = XCLocalSwiftPackageReference;
			relativePath = .;
		};
		A1000202 /* XCLocalSwiftPackageReference "MirrorKit" */ = {
			isa = XCLocalSwiftPackageReference;
			relativePath = ../mirror/host/MirrorKit;
		};
/* End XCLocalSwiftPackageReference section */

/* Begin XCSwiftPackageProductDependency section */
		A1000210 /* NOWAgentIntegration */ = {
			isa = XCSwiftPackageProductDependency;
			productName = NOWAgentIntegration;
		};
		A1000212 /* MirrorKit */ = {
			isa = XCSwiftPackageProductDependency;
			package = A1000202 /* XCLocalSwiftPackageReference "MirrorKit" */;
			productName = MirrorKit;
		};
		A1000214 /* MirrorKitUI */ = {
			isa = XCSwiftPackageProductDependency;
			package = A1000202 /* XCLocalSwiftPackageReference "MirrorKit" */;
			productName = MirrorKitUI;
		};
/* End XCSwiftPackageProductDependency section */
	};
	rootObject = A1000090 /* Project object */;
}
